
Microsoft Visual Studio Solution File, Format Version 12.00
# Visual Studio Version 17
VisualStudioVersion = 17.4.33213.308
MinimumVisualStudioVersion = 10.0.40219.1
Project("{FAE04EC0-301F-11D3-BF4B-00C04F79EFBC}") = "TMXConverter", "TMXConverter\TMXConverter.csproj", "{C6D48FF1-3560-4CD0-BB2A-1BE99EBF26B2}"
EndProject
Global
	GlobalSection(SolutionConfigurationPlatforms) = preSolution
		Debug|Any CPU = Debug|Any CPU
		Release|Any CPU = Release|Any CPU
	EndGlobalSection
	GlobalSection(ProjectConfigurationPlatforms) = postSolution
		{C6D48FF1-3560-4CD0-BB2A-1BE99EBF26B2}.Debug|Any CPU.ActiveCfg = Debug|Any CPU
		{C6D48FF1-3560-4CD0-BB2A-1BE99EBF26B2}.Debug|Any CPU.Build.0 = Debug|Any CPU
		{C6D48FF1-3560-4CD0-BB2A-1BE99EBF26B2}.Release|Any CPU.ActiveCfg = Release|Any CPU
		{C6D48FF1-3560-4CD0-BB2A-1BE99EBF26B2}.Release|Any CPU.Build.0 = Release|Any CPU
	EndGlobalSection
	GlobalSection(SolutionProperties) = preSolution
		HideSolutionNode = FALSE
	EndGlobalSection
	GlobalSection(ExtensibilityGlobals) = postSolution
		SolutionGuid = {1FC9B82A-8D50-42D4-AFDC-BF83FC45C508}
	EndGlobalSection
EndGlobal
